
Microsoft Visual Studio Solution File, Format Version 12.00
# Visual Studio Version 16
VisualStudioVersion = 16.0.29609.76
MinimumVisualStudioVersion = 10.0.40219.1
Project("{FAE04EC0-301F-11D3-BF4B-00C04F79EFBC}") = "jpath", "jpath.csproj", "{B7487E9E-FB1C-4535-9506-E3196545B2BB}"
EndProject
Global
	GlobalSection(SolutionConfigurationPlatforms) = preSolution
		Debug|Any CPU = Debug|Any CPU
		Release|Any CPU = Release|Any CPU
	EndGlobalSection
	GlobalSection(ProjectConfigurationPlatforms) = postSolution
		{B7487E9E-FB1C-4535-9506-E3196545B2BB}.Debug|Any CPU.ActiveCfg = Debug|Any CPU
		{B7487E9E-FB1C-4535-9506-E3196545B2BB}.Debug|Any CPU.Build.0 = Debug|Any CPU
		{B7487E9E-FB1C-4535-9506-E3196545B2BB}.Release|Any CPU.ActiveCfg = Release|Any CPU
		{B7487E9E-FB1C-4535-9506-E3196545B2BB}.Release|Any CPU.Build.0 = Release|Any CPU
	EndGlobalSection
	GlobalSection(SolutionProperties) = preSolution
		HideSolutionNode = FALSE
	EndGlobalSection
	GlobalSection(ExtensibilityGlobals) = postSolution
		SolutionGuid = {B623A0CA-8F71-4BD5-A06D-137F93CA4F51}
	EndGlobalSection
EndGlobal
